# This file is generated by running "yarn install" inside your project.
# Manual changes might be lost - proceed with caution!

__metadata:
  version: 6
  cacheKey: 8

"@example/a@workspace:input/multi-project/packages/a":
  version: 0.0.0-use.local
  resolution: "@example/a@workspace:input/multi-project/packages/a"
  languageName: unknown
  linkType: soft

"@example/b@workspace:input/multi-project/packages/b":
  version: 0.0.0-use.local
  resolution: "@example/b@workspace:input/multi-project/packages/b"
  languageName: unknown
  linkType: soft

"@sourcegraph/tsconfig@npm:4.0.1":
  version: 4.0.1
  resolution: "@sourcegraph/tsconfig@npm:4.0.1"
  checksum: cd552b47dcf27b59e944dee20ff29e8f96b77c956bc96c7db44910217fb1c978ff410add86c92ff242274f91484b59b27be4980aea25c77fd922b3c5e31f5d05
  languageName: node
  linkType: hard

"@types/prop-types@npm:*":
  version: 15.7.4
  resolution: "@types/prop-types@npm:15.7.4"
  checksum: ef6e1899e59b876c273811b1bd845022fc66d5a3d11cb38a25b6c566b30514ae38fe20a40f67622f362a4f4f7f9224e22d8da101cff3d6e97e11d7b4c307cfc1
  languageName: node
  linkType: hard

"@types/react@npm:17.0.52":
  version: 17.0.52
  resolution: "@types/react@npm:17.0.52"
  dependencies:
    "@types/prop-types": "*"
    "@types/scheduler": "*"
    csstype: ^3.0.2
  checksum: a51b98dd87838d161278fdf9dd78e6a4ff8c018f406d6647f77963e144fb52a8beee40c89fd0e7e840eaeaa8bd9fe2f34519410540b1a52d43a6f8b4d2fbce33
  languageName: node
  linkType: hard

"@types/scheduler@npm:*":
  version: 0.16.2
  resolution: "@types/scheduler@npm:0.16.2"
  checksum: b6b4dcfeae6deba2e06a70941860fb1435730576d3689225a421280b7742318d1548b3d22c1f66ab68e414f346a9542f29240bc955b6332c5b11e561077583bc
  languageName: node
  linkType: hard

"csstype@npm:^3.0.2":
  version: 3.0.11
  resolution: "csstype@npm:3.0.11"
  checksum: 95e56abfe9ca219ae065acb4e43f61771a03170eed919127f558dfa168240867aba7629c8d98a201a0dd06d9a5ce82686f0570031c928516c61816adbc7c877f
  languageName: node
  linkType: hard

"invalid-package-json@workspace:input/invalid-package-json":
  version: 0.0.0-use.local
  resolution: "invalid-package-json@workspace:input/invalid-package-json"
  languageName: unknown
  linkType: soft

"js-tokens@npm:^3.0.0 || ^4.0.0":
  version: 4.0.0
  resolution: "js-tokens@npm:4.0.0"
  checksum: 8a95213a5a77deb6cbe94d86340e8d9ace2b93bc367790b260101d2f36a2eaf4e4e22d9fa9cf459b38af3a32fb4190e638024cf82ec95ef708680e405ea7cc78
  languageName: node
  linkType: hard

"loose-envify@npm:^1.1.0":
  version: 1.4.0
  resolution: "loose-envify@npm:1.4.0"
  dependencies:
    js-tokens: ^3.0.0 || ^4.0.0
  bin:
    loose-envify: cli.js
  checksum: 6517e24e0cad87ec9888f500c5b5947032cdfe6ef65e1c1936a0c48a524b81e65542c9c3edc91c97d5bddc806ee2a985dbc79be89215d613b1de5db6d1cfe6f4
  languageName: node
  linkType: hard

"multi-project@workspace:input/multi-project":
  version: 0.0.0-use.local
  resolution: "multi-project@workspace:input/multi-project"
  languageName: unknown
  linkType: soft

"pnpm-workspaces@workspace:input/pnpm-workspaces":
  version: 0.0.0-use.local
  resolution: "pnpm-workspaces@workspace:input/pnpm-workspaces"
  languageName: unknown
  linkType: soft

"pure-js@workspace:input/pure-js":
  version: 0.0.0-use.local
  resolution: "pure-js@workspace:input/pure-js"
  languageName: unknown
  linkType: soft

"react-example@workspace:input/react":
  version: 0.0.0-use.local
  resolution: "react-example@workspace:input/react"
  languageName: unknown
  linkType: soft

"react@npm:18.0.0":
  version: 18.0.0
  resolution: "react@npm:18.0.0"
  dependencies:
    loose-envify: ^1.1.0
  checksum: 293020b96536b3c7113ee57ca5c990a3f25649d1751b1c7a3aabd16dff0691fe9f1eed1206616d0906d05933536052037340a0c8d0941ff870b0eb469a2f975b
  languageName: node
  linkType: hard

"snapshots@workspace:.":
  version: 0.0.0-use.local
  resolution: "snapshots@workspace:."
  dependencies:
    "@sourcegraph/tsconfig": 4.0.1
    "@types/react": 17.0.52
    react: 18.0.0
  languageName: unknown
  linkType: soft

"syntax@workspace:input/syntax":
  version: 0.0.0-use.local
  resolution: "syntax@workspace:input/syntax"
  languageName: unknown
  linkType: soft
