# THIS IS AN AUTOGENERATED FILE. DO NOT EDIT THIS FILE DIRECTLY.
# yarn lockfile v1


"@sourcegraph/tsconfig@4.0.1":
  version "4.0.1"
  resolved "https://registry.yarnpkg.com/@sourcegraph/tsconfig/-/tsconfig-4.0.1.tgz#5965ec41771d2ac5b23b6e0d919cee3e70485840"
  integrity sha512-G/xsejsR84G5dj3kHJ7svKBo9E5tWl96rUHKP94Y2UDtA7BzUhAYbieM+b9ZUpIRt66h3+MlYbG5HK4UI2zDzw==

"@types/react@19.0.2":
  version "19.0.2"
  resolved "https://registry.yarnpkg.com/@types/react/-/react-19.0.2.tgz#9363e6b3ef898c471cb182dd269decc4afc1b4f6"
  integrity sha512-USU8ZI/xyKJwFTpjSVIrSeHBVAGagkHQKPNbxeWwql/vDmnTIBgx+TJnhFnj1NXgz8XfprU0egV2dROLGpsBEg==
  dependencies:
    csstype "^3.0.2"

csstype@^3.0.2:
  version "3.0.11"
  resolved "https://registry.yarnpkg.com/csstype/-/csstype-3.0.11.tgz#d66700c5eacfac1940deb4e3ee5642792d85cd33"
  integrity sha512-sa6P2wJ+CAbgyy4KFssIb/JNMLxFvKF1pCYCSXS8ZMuqZnMsrxqI2E5sPyoTpxoPU/gVZMzr2zjOfg8GIZOMsw==

react@19.0.0:
  version "19.0.0"
  resolved "https://registry.yarnpkg.com/react/-/react-19.0.0.tgz#6e1969251b9f108870aa4bff37a0ce9ddfaaabdd"
  integrity sha512-V8AVnmPIICiWpGfm6GLzCR/W5FXLchHop40W4nXBmdlEceh16rCN8O8LNWm5bh5XUX91fh7KpA+W0TgMKmgTpQ==
